
Microsoft Visual Studio Solution File, Format Version 12.00
# Visual Studio 2012
Project("{F184B08F-C81C-45F6-A57F-5ABD9991F28F}") = "Gears", "Gears\Gears.vbproj", "{15BD6AA1-5B65-4DD5-A0F3-6BF215355143}"
EndProject
Project("{F184B08F-C81C-45F6-A57F-5ABD9991F28F}") = "GearsTest", "GearsTest\GearsTest.vbproj", "{02FC346E-5EFB-40C8-BB08-5A4D8B186CC9}"
EndProject
Global
	GlobalSection(SolutionConfigurationPlatforms) = preSolution
		Debug|Any CPU = Debug|Any CPU
		Release|Any CPU = Release|Any CPU
	EndGlobalSection
	GlobalSection(ProjectConfigurationPlatforms) = postSolution
		{15BD6AA1-5B65-4DD5-A0F3-6BF215355143}.Debug|Any CPU.ActiveCfg = Debug|Any CPU
		{15BD6AA1-5B65-4DD5-A0F3-6BF215355143}.Debug|Any CPU.Build.0 = Debug|Any CPU
		{15BD6AA1-5B65-4DD5-A0F3-6BF215355143}.Release|Any CPU.ActiveCfg = Release|Any CPU
		{15BD6AA1-5B65-4DD5-A0F3-6BF215355143}.Release|Any CPU.Build.0 = Release|Any CPU
		{02FC346E-5EFB-40C8-BB08-5A4D8B186CC9}.Debug|Any CPU.ActiveCfg = Debug|Any CPU
		{02FC346E-5EFB-40C8-BB08-5A4D8B186CC9}.Debug|Any CPU.Build.0 = Debug|Any CPU
		{02FC346E-5EFB-40C8-BB08-5A4D8B186CC9}.Release|Any CPU.ActiveCfg = Release|Any CPU
		{02FC346E-5EFB-40C8-BB08-5A4D8B186CC9}.Release|Any CPU.Build.0 = Release|Any CPU
	EndGlobalSection
	GlobalSection(SolutionProperties) = preSolution
		HideSolutionNode = FALSE
	EndGlobalSection
EndGlobal
